
Microsoft Visual Studio Solution File, Format Version 12.00
# Visual Studio 15
VisualStudioVersion = 15.0.28307.136
MinimumVisualStudioVersion = 10.0.40219.1
Project("{9A19103F-16F7-4668-BE54-9A1E7A4F7556}") = "smeCore.Models", "smeCore.Models\smeCore.Models.csproj", "{BBAFB3BA-E0F7-4E23-8FA5-A6D2FA3603B1}"
EndProject
Project("{9A19103F-16F7-4668-BE54-9A1E7A4F7556}") = "smeCore.API", "smeCore.API\smeCore.API.csproj", "{190E454D-BD2A-4DEF-8203-4A7D46071C42}"
EndProject
Project("{9A19103F-16F7-4668-BE54-9A1E7A4F7556}") = "smeCore.XUnitTest", "smeCore.XUnitTest\smeCore.XUnitTest.csproj", "{FD5D4089-0FE6-421A-8EE0-4A9A3776EACD}"
EndProject
Project("{9A19103F-16F7-4668-BE54-9A1E7A4F7556}") = "smeCore.SGP", "smeCore.SGP\smeCore.SGP.csproj", "{F378EAB2-9044-40B1-A9C4-25EC7A3F63BC}"
EndProject
Project("{2150E333-8FDC-42A3-9474-1A3956D46DE8}") = "SGP", "SGP", "{542D4990-8B9B-472A-B6CC-0A76043CDDBA}"
EndProject
Project("{2150E333-8FDC-42A3-9474-1A3956D46DE8}") = "API Externa", "API Externa", "{062AEAB1-EF18-4BD2-BC69-1DEC07E0CB9B}"
EndProject
Project("{9A19103F-16F7-4668-BE54-9A1E7A4F7556}") = "smeCore.API.Service.Interface", "smeCore.API.Service.Interface\smeCore.API.Service.Interface.csproj", "{F2277966-DD4D-4DFB-AE38-5DF18586D45F}"
EndProject
Project("{9A19103F-16F7-4668-BE54-9A1E7A4F7556}") = "smeCore.API.IoC", "smeCore.API.IoC\smeCore.API.IoC.csproj", "{9F11D991-FCEE-4B01-87BD-A5B85CA24246}"
EndProject
Project("{9A19103F-16F7-4668-BE54-9A1E7A4F7556}") = "smeCore.API.Service", "smeCore.API.Service\smeCore.API.Service.csproj", "{83D7926A-FD4B-4F6F-8275-648E19DE47E4}"
EndProject
Project("{FAE04EC0-301F-11D3-BF4B-00C04F79EFBC}") = "smeCore.Library", "smeCore.Library\smeCore.Library.csproj", "{ED5989E9-0511-49A7-BDC6-B4D913AF7E41}"
EndProject
Global
	GlobalSection(SolutionConfigurationPlatforms) = preSolution
		Debug|Any CPU = Debug|Any CPU
		Release|Any CPU = Release|Any CPU
	EndGlobalSection
	GlobalSection(ProjectConfigurationPlatforms) = postSolution
		{BBAFB3BA-E0F7-4E23-8FA5-A6D2FA3603B1}.Debug|Any CPU.ActiveCfg = Debug|Any CPU
		{BBAFB3BA-E0F7-4E23-8FA5-A6D2FA3603B1}.Debug|Any CPU.Build.0 = Debug|Any CPU
		{BBAFB3BA-E0F7-4E23-8FA5-A6D2FA3603B1}.Release|Any CPU.ActiveCfg = Release|Any CPU
		{BBAFB3BA-E0F7-4E23-8FA5-A6D2FA3603B1}.Release|Any CPU.Build.0 = Release|Any CPU
		{190E454D-BD2A-4DEF-8203-4A7D46071C42}.Debug|Any CPU.ActiveCfg = Debug|Any CPU
		{190E454D-BD2A-4DEF-8203-4A7D46071C42}.Debug|Any CPU.Build.0 = Debug|Any CPU
		{190E454D-BD2A-4DEF-8203-4A7D46071C42}.Release|Any CPU.ActiveCfg = Release|Any CPU
		{190E454D-BD2A-4DEF-8203-4A7D46071C42}.Release|Any CPU.Build.0 = Release|Any CPU
		{FD5D4089-0FE6-421A-8EE0-4A9A3776EACD}.Debug|Any CPU.ActiveCfg = Debug|Any CPU
		{FD5D4089-0FE6-421A-8EE0-4A9A3776EACD}.Debug|Any CPU.Build.0 = Debug|Any CPU
		{FD5D4089-0FE6-421A-8EE0-4A9A3776EACD}.Release|Any CPU.ActiveCfg = Release|Any CPU
		{FD5D4089-0FE6-421A-8EE0-4A9A3776EACD}.Release|Any CPU.Build.0 = Release|Any CPU
		{F378EAB2-9044-40B1-A9C4-25EC7A3F63BC}.Debug|Any CPU.ActiveCfg = Debug|Any CPU
		{F378EAB2-9044-40B1-A9C4-25EC7A3F63BC}.Debug|Any CPU.Build.0 = Debug|Any CPU
		{F378EAB2-9044-40B1-A9C4-25EC7A3F63BC}.Release|Any CPU.ActiveCfg = Release|Any CPU
		{F378EAB2-9044-40B1-A9C4-25EC7A3F63BC}.Release|Any CPU.Build.0 = Release|Any CPU
		{F2277966-DD4D-4DFB-AE38-5DF18586D45F}.Debug|Any CPU.ActiveCfg = Debug|Any CPU
		{F2277966-DD4D-4DFB-AE38-5DF18586D45F}.Debug|Any CPU.Build.0 = Debug|Any CPU
		{F2277966-DD4D-4DFB-AE38-5DF18586D45F}.Release|Any CPU.ActiveCfg = Release|Any CPU
		{F2277966-DD4D-4DFB-AE38-5DF18586D45F}.Release|Any CPU.Build.0 = Release|Any CPU
		{9F11D991-FCEE-4B01-87BD-A5B85CA24246}.Debug|Any CPU.ActiveCfg = Debug|Any CPU
		{9F11D991-FCEE-4B01-87BD-A5B85CA24246}.Debug|Any CPU.Build.0 = Debug|Any CPU
		{9F11D991-FCEE-4B01-87BD-A5B85CA24246}.Release|Any CPU.ActiveCfg = Release|Any CPU
		{9F11D991-FCEE-4B01-87BD-A5B85CA24246}.Release|Any CPU.Build.0 = Release|Any CPU
		{83D7926A-FD4B-4F6F-8275-648E19DE47E4}.Debug|Any CPU.ActiveCfg = Debug|Any CPU
		{83D7926A-FD4B-4F6F-8275-648E19DE47E4}.Debug|Any CPU.Build.0 = Debug|Any CPU
		{83D7926A-FD4B-4F6F-8275-648E19DE47E4}.Release|Any CPU.ActiveCfg = Release|Any CPU
		{83D7926A-FD4B-4F6F-8275-648E19DE47E4}.Release|Any CPU.Build.0 = Release|Any CPU
		{ED5989E9-0511-49A7-BDC6-B4D913AF7E41}.Debug|Any CPU.ActiveCfg = Debug|Any CPU
		{ED5989E9-0511-49A7-BDC6-B4D913AF7E41}.Debug|Any CPU.Build.0 = Debug|Any CPU
		{ED5989E9-0511-49A7-BDC6-B4D913AF7E41}.Release|Any CPU.ActiveCfg = Release|Any CPU
		{ED5989E9-0511-49A7-BDC6-B4D913AF7E41}.Release|Any CPU.Build.0 = Release|Any CPU
	EndGlobalSection
	GlobalSection(SolutionProperties) = preSolution
		HideSolutionNode = FALSE
	EndGlobalSection
	GlobalSection(NestedProjects) = preSolution
		{190E454D-BD2A-4DEF-8203-4A7D46071C42} = {062AEAB1-EF18-4BD2-BC69-1DEC07E0CB9B}
		{FD5D4089-0FE6-421A-8EE0-4A9A3776EACD} = {062AEAB1-EF18-4BD2-BC69-1DEC07E0CB9B}
		{F378EAB2-9044-40B1-A9C4-25EC7A3F63BC} = {542D4990-8B9B-472A-B6CC-0A76043CDDBA}
		{F2277966-DD4D-4DFB-AE38-5DF18586D45F} = {062AEAB1-EF18-4BD2-BC69-1DEC07E0CB9B}
		{9F11D991-FCEE-4B01-87BD-A5B85CA24246} = {062AEAB1-EF18-4BD2-BC69-1DEC07E0CB9B}
		{83D7926A-FD4B-4F6F-8275-648E19DE47E4} = {062AEAB1-EF18-4BD2-BC69-1DEC07E0CB9B}
	EndGlobalSection
	GlobalSection(ExtensibilityGlobals) = postSolution
		SolutionGuid = {EC3A7D54-AF7C-4A7C-99A9-B8653CD81959}
	EndGlobalSection
EndGlobal
