
Microsoft Visual Studio Solution File, Format Version 12.00
# Visual Studio 15
VisualStudioVersion = 15.0.28307.136
MinimumVisualStudioVersion = 10.0.40219.1
Project("{9A19103F-16F7-4668-BE54-9A1E7A4F7556}") = "smeCore.Models", "smeCore.Models\smeCore.Models.csproj", "{BBAFB3BA-E0F7-4E23-8FA5-A6D2FA3603B1}"
EndProject
Project("{9A19103F-16F7-4668-BE54-9A1E7A4F7556}") = "smeCore.API", "smeCore.API\smeCore.API.csproj", "{190E454D-BD2A-4DEF-8203-4A7D46071C42}"
EndProject
Project("{9A19103F-16F7-4668-BE54-9A1E7A4F7556}") = "smeCore.XUnitTest", "smeCore.XUnitTest\smeCore.XUnitTest.csproj", "{FD5D4089-0FE6-421A-8EE0-4A9A3776EACD}"
EndProject
Project("{FAE04EC0-301F-11D3-BF4B-00C04F79EFBC}") = "smeCore.SGP", "smeCore.SGP\smeCore.SGP.csproj", "{30D4BAA3-DA78-4FFF-9816-538617D0CDC3}"
EndProject
Global
	GlobalSection(SolutionConfigurationPlatforms) = preSolution
		Debug|Any CPU = Debug|Any CPU
		Release|Any CPU = Release|Any CPU
	EndGlobalSection
	GlobalSection(ProjectConfigurationPlatforms) = postSolution
		{BBAFB3BA-E0F7-4E23-8FA5-A6D2FA3603B1}.Debug|Any CPU.ActiveCfg = Debug|Any CPU
		{BBAFB3BA-E0F7-4E23-8FA5-A6D2FA3603B1}.Debug|Any CPU.Build.0 = Debug|Any CPU
		{BBAFB3BA-E0F7-4E23-8FA5-A6D2FA3603B1}.Release|Any CPU.ActiveCfg = Release|Any CPU
		{BBAFB3BA-E0F7-4E23-8FA5-A6D2FA3603B1}.Release|Any CPU.Build.0 = Release|Any CPU
		{190E454D-BD2A-4DEF-8203-4A7D46071C42}.Debug|Any CPU.ActiveCfg = Debug|Any CPU
		{190E454D-BD2A-4DEF-8203-4A7D46071C42}.Debug|Any CPU.Build.0 = Debug|Any CPU
		{190E454D-BD2A-4DEF-8203-4A7D46071C42}.Release|Any CPU.ActiveCfg = Release|Any CPU
		{190E454D-BD2A-4DEF-8203-4A7D46071C42}.Release|Any CPU.Build.0 = Release|Any CPU
		{FD5D4089-0FE6-421A-8EE0-4A9A3776EACD}.Debug|Any CPU.ActiveCfg = Debug|Any CPU
		{FD5D4089-0FE6-421A-8EE0-4A9A3776EACD}.Debug|Any CPU.Build.0 = Debug|Any CPU
		{FD5D4089-0FE6-421A-8EE0-4A9A3776EACD}.Release|Any CPU.ActiveCfg = Release|Any CPU
		{FD5D4089-0FE6-421A-8EE0-4A9A3776EACD}.Release|Any CPU.Build.0 = Release|Any CPU
		{30D4BAA3-DA78-4FFF-9816-538617D0CDC3}.Debug|Any CPU.ActiveCfg = Debug|Any CPU
		{30D4BAA3-DA78-4FFF-9816-538617D0CDC3}.Debug|Any CPU.Build.0 = Debug|Any CPU
		{30D4BAA3-DA78-4FFF-9816-538617D0CDC3}.Release|Any CPU.ActiveCfg = Release|Any CPU
		{30D4BAA3-DA78-4FFF-9816-538617D0CDC3}.Release|Any CPU.Build.0 = Release|Any CPU
	EndGlobalSection
	GlobalSection(SolutionProperties) = preSolution
		HideSolutionNode = FALSE
	EndGlobalSection
	GlobalSection(ExtensibilityGlobals) = postSolution
		SolutionGuid = {EC3A7D54-AF7C-4A7C-99A9-B8653CD81959}
	EndGlobalSection
EndGlobal
